# This file is generated by running "yarn install" inside your project.
# Manual changes might be lost - proceed with caution!

__metadata:
  version: 10
  cacheKey: 10c0

"commander@npm:^15.0.0":
  version: 15.0.0
  resolution: "commander@npm:15.0.0"
  checksum: 10c0/539229c171914ea1ccd45ee5f10d924289a12a684ea3a7a44147abe54003c35ed6de9ae4ad198d88c29fdf403dca0428451a388234e6dc01b6faa978fb207206
  languageName: node
  linkType: hard

"luau-disk@npm:^0.1.1":
  version: 0.1.2
  resolution: "luau-disk@npm:0.1.2"
  checksum: 10c0/7468d12f23e2ca4cf21e960f3b4f159716b5fbec4a790faf8cd5ac580743e01f98623dbdb4839aeef066f1e18c719f1a03ee9f516ae96716c87676964890614a
  languageName: node
  linkType: hard

"luau-path@npm:^0.1.1":
  version: 0.1.1
  resolution: "luau-path@npm:0.1.1"
  dependencies:
    luau-disk: "npm:^0.1.1"
  checksum: 10c0/86d0d84530f2a69d80f21a33abbede77b60aa70378dc0608dd43f05b77b217e9213cd82bb092f70e57cfa6ed5e57f9bf3e2fd9a9c9501d3808a25ec8facb4747
  languageName: node
  linkType: hard

"luaubox@workspace:.":
  version: 0.0.0-use.local
  resolution: "luaubox@workspace:."
  dependencies:
    luau-path: "npm:^0.1.1"
    npmluau: "npm:^0.1.3"
  bin:
    luaubox: bin/luaubox.js
  languageName: unknown
  linkType: soft

"npmluau@npm:^0.1.3":
  version: 0.1.3
  resolution: "npmluau@npm:0.1.3"
  dependencies:
    commander: "npm:^15.0.0"
    walkdir: "npm:^0.4.1"
  bin:
    npmluau: main.js
  checksum: 10c0/de9103250211d846a96643b6decc5dfd3b3630b94af6109d9eca6399818b9b5c3a65369b03792b62ec54aa6dbb93b469d182ad773f75390d1ce518ff5f3f2a61
  languageName: node
  linkType: hard

"walkdir@npm:^0.4.1":
  version: 0.4.1
  resolution: "walkdir@npm:0.4.1"
  checksum: 10c0/88e635aa9303e9196e4dc15013d2bd4afca4c8c8b4bb27722ca042bad213bb882d3b9141b3b0cca6bfb274f7889b30cf58d6374844094abec0016f335c5414dc
  languageName: node
  linkType: hard
